
Microsoft Visual Studio Solution File, Format Version 12.00
# Visual Studio 14
VisualStudioVersion = 14.0.25420.1
MinimumVisualStudioVersion = 10.0.40219.1
Project("{8BC9CEB8-8B4A-11D0-8D11-00A0C91BC942}") = "T01_01_ArrayStack", "T01_01_ArrayStack\T01_01_ArrayStack.vcxproj", "{65F8D148-D258-4B6A-9C34-5AAE016C5F63}"
EndProject
Project("{8BC9CEB8-8B4A-11D0-8D11-00A0C91BC942}") = "T01_03_SimulatedBrowser", "T01_03_SimulatedBrowser\T01_03_SimulatedBrowser.vcxproj", "{E68FACDC-AC4E-4978-AC88-265E68167D41}"
EndProject
Project("{8BC9CEB8-8B4A-11D0-8D11-00A0C91BC942}") = "T02_01_ArrayQueue", "T02_01_ArrayQueue\T02_01_ArrayQueue.vcxproj", "{54C83847-C9A9-4A22-90A8-D3E7EFAB31D1}"
EndProject
Project("{8BC9CEB8-8B4A-11D0-8D11-00A0C91BC942}") = "T02_02_ListQueue", "T02_02_ListQueue\T02_02_ListQueue.vcxproj", "{8168A13A-868F-4370-B5A3-D08CAB9947E3}"
EndProject
Project("{8BC9CEB8-8B4A-11D0-8D11-00A0C91BC942}") = "T02_03_CircleQueue", "T02_03_CircleQueue\T02_03_CircleQueue.vcxproj", "{38A365A9-CC4B-45A1-BE66-E07D31B274E5}"
EndProject
Project("{8BC9CEB8-8B4A-11D0-8D11-00A0C91BC942}") = "T01_02_ListStack", "T01_02_ListStack\T01_02_ListStack.vcxproj", "{2FD12E43-C0C0-4086-9CA6-67609187664D}"
EndProject
Project("{8BC9CEB8-8B4A-11D0-8D11-00A0C91BC942}") = "T03_01_SingleList", "T03_01_SingleList\T03_01_SingleList.vcxproj", "{8BD50D77-EF65-4313-861E-EFD6C00AB45C}"
EndProject
Project("{8BC9CEB8-8B4A-11D0-8D11-00A0C91BC942}") = "T03_02_DoubleList", "T03_02_DoubleList\T03_02_DoubleList.vcxproj", "{CF9FAA41-E32D-4FBF-B387-2E606808CA03}"
EndProject
Project("{8BC9CEB8-8B4A-11D0-8D11-00A0C91BC942}") = "T03_03_CircleList", "T03_03_CircleList\T03_03_CircleList.vcxproj", "{ED70D98B-A2AF-4B02-859F-DA5DBD00A3AE}"
EndProject
Project("{8BC9CEB8-8B4A-11D0-8D11-00A0C91BC942}") = "T03_04_ReverseSingleList", "T03_04_ReverseSingleList\T03_04_ReverseSingleList.vcxproj", "{0C9D6824-4AB8-48CE-81B0-E0F4A4D32EFF}"
EndProject
Project("{8BC9CEB8-8B4A-11D0-8D11-00A0C91BC942}") = "T03_05_MergeSortedLists", "T03_05_MergeSortedLists\T03_05_MergeSortedLists.vcxproj", "{8EA69E97-F9F6-4024-BB4F-3697F4C9B49D}"
EndProject
Project("{8BC9CEB8-8B4A-11D0-8D11-00A0C91BC942}") = "T04_01_ExpansionArray", "T04_01_ExpansionArray\T04_01_ExpansionArray.vcxproj", "{F201016A-2690-47C7-BE8A-563CD0AAA03A}"
EndProject
Project("{8BC9CEB8-8B4A-11D0-8D11-00A0C91BC942}") = "T04_02_SortedArray", "T04_02_SortedArray\T04_02_SortedArray.vcxproj", "{1B2A6F52-C791-446A-BF53-9A1B13ED4470}"
EndProject
Project("{8BC9CEB8-8B4A-11D0-8D11-00A0C91BC942}") = "T04_03_MergeTwoSortedArray", "T04_03_MergeTwoSortedArray\T04_03_MergeTwoSortedArray.vcxproj", "{E1E3EB47-CBFB-4F83-9284-7676DCF79A94}"
EndProject
Project("{8BC9CEB8-8B4A-11D0-8D11-00A0C91BC942}") = "T05_02_NaiveStringMatcher", "T05_02_NaiveStringMatcher\T05_02_NaiveStringMatcher.vcxproj", "{93A8399E-1B28-4D01-AE27-23BE3F8D65B4}"
EndProject
Project("{8BC9CEB8-8B4A-11D0-8D11-00A0C91BC942}") = "T05_01_TrieTree", "T05_01_TrieTree\T05_01_TrieTree.vcxproj", "{C01D9B81-5CDA-41A5-A6F6-20830BCB835A}"
EndProject
Project("{8BC9CEB8-8B4A-11D0-8D11-00A0C91BC942}") = "T04_04_TwoSumUsingMap", "T04_04_TwoSumUsingMap\T04_04_TwoSumUsingMap.vcxproj", "{2D40BC7B-83EE-451C-80D9-67A48EC18B96}"
EndProject
Project("{8BC9CEB8-8B4A-11D0-8D11-00A0C91BC942}") = "T04_05_HappyNumUsingSet", "T04_05_HappyNumUsingSet\T04_05_HappyNumUsingSet.vcxproj", "{41B21B31-9E92-4F69-8914-C81EF60CCAEC}"
EndProject
Project("{8BC9CEB8-8B4A-11D0-8D11-00A0C91BC942}") = "T06_01_SortAlgorithms", "T06_01_SortAlgorithms\T06_01_SortAlgorithms.vcxproj", "{6CE8510A-2DF0-47F0-B8CC-C17E9C2C81BB}"
EndProject
Project("{8BC9CEB8-8B4A-11D0-8D11-00A0C91BC942}") = "T06_02_TopK", "T06_02_TopK\T06_02_TopK.vcxproj", "{DD749D7C-62F8-478E-ADCA-07DA209C707F}"
EndProject
Project("{8BC9CEB8-8B4A-11D0-8D11-00A0C91BC942}") = "T07_01_BinarySearch", "T07_01_BinarySearch\T07_01_BinarySearch.vcxproj", "{0CEB551C-A23E-405A-A274-586EE3453D1D}"
EndProject
Project("{8BC9CEB8-8B4A-11D0-8D11-00A0C91BC942}") = "T07_02_BinarySearchFuzzy", "T07_02_BinarySearchFuzzy\T07_02_BinarySearchFuzzy.vcxproj", "{14E70C72-2385-4B98-996B-2CDEAF537EF8}"
EndProject
Project("{8BC9CEB8-8B4A-11D0-8D11-00A0C91BC942}") = "T08_01_HashTable", "T08_01_HashTable\T08_01_HashTable.vcxproj", "{147BA14B-9012-4FC5-8C45-22D95B11B151}"
EndProject
Project("{8BC9CEB8-8B4A-11D0-8D11-00A0C91BC942}") = "T08_02_LRUCache", "T08_02_LRUCache\T08_02_LRUCache.vcxproj", "{23B0CD51-3AE1-4149-8D70-DF996CAC6A74}"
EndProject
Project("{8BC9CEB8-8B4A-11D0-8D11-00A0C91BC942}") = "T09_01_BinarySearchTree", "T09_01_BinarySearchTree\T09_01_BinarySearchTree.vcxproj", "{C53EF300-C2F4-4D43-907A-91E08EAC6564}"
EndProject
Project("{8BC9CEB8-8B4A-11D0-8D11-00A0C91BC942}") = "T09_02_TraversingBinaryTree", "T09_02_TraversingBinaryTree\T09_02_TraversingBinaryTree.vcxproj", "{E49EBC67-E0F4-464C-8D45-6D9FA0EC2A3A}"
EndProject
Project("{8BC9CEB8-8B4A-11D0-8D11-00A0C91BC942}") = "T10_01_Heap", "T10_01_Heap\T10_01_Heap.vcxproj", "{13749D03-E167-4EA8-849F-769960EF4636}"
EndProject
Project("{8BC9CEB8-8B4A-11D0-8D11-00A0C91BC942}") = "T10_02_HeapSort", "T10_02_HeapSort\T10_02_HeapSort.vcxproj", "{E568FC81-ABC6-434E-A565-1C9F3116C86B}"
EndProject
Project("{8BC9CEB8-8B4A-11D0-8D11-00A0C91BC942}") = "T10_03_PriorityQueue", "T10_03_PriorityQueue\T10_03_PriorityQueue.vcxproj", "{5E07A6B3-E1F7-42E4-BFAA-B9E54A59AC9C}"
EndProject
Global
	GlobalSection(SolutionConfigurationPlatforms) = preSolution
		Debug|x64 = Debug|x64
		Debug|x86 = Debug|x86
		Release|x64 = Release|x64
		Release|x86 = Release|x86
	EndGlobalSection
	GlobalSection(ProjectConfigurationPlatforms) = postSolution
		{65F8D148-D258-4B6A-9C34-5AAE016C5F63}.Debug|x64.ActiveCfg = Debug|x64
		{65F8D148-D258-4B6A-9C34-5AAE016C5F63}.Debug|x64.Build.0 = Debug|x64
		{65F8D148-D258-4B6A-9C34-5AAE016C5F63}.Debug|x86.ActiveCfg = Debug|Win32
		{65F8D148-D258-4B6A-9C34-5AAE016C5F63}.Debug|x86.Build.0 = Debug|Win32
		{65F8D148-D258-4B6A-9C34-5AAE016C5F63}.Release|x64.ActiveCfg = Release|x64
		{65F8D148-D258-4B6A-9C34-5AAE016C5F63}.Release|x64.Build.0 = Release|x64
		{65F8D148-D258-4B6A-9C34-5AAE016C5F63}.Release|x86.ActiveCfg = Release|Win32
		{65F8D148-D258-4B6A-9C34-5AAE016C5F63}.Release|x86.Build.0 = Release|Win32
		{E68FACDC-AC4E-4978-AC88-265E68167D41}.Debug|x64.ActiveCfg = Debug|x64
		{E68FACDC-AC4E-4978-AC88-265E68167D41}.Debug|x64.Build.0 = Debug|x64
		{E68FACDC-AC4E-4978-AC88-265E68167D41}.Debug|x86.ActiveCfg = Debug|Win32
		{E68FACDC-AC4E-4978-AC88-265E68167D41}.Debug|x86.Build.0 = Debug|Win32
		{E68FACDC-AC4E-4978-AC88-265E68167D41}.Release|x64.ActiveCfg = Release|x64
		{E68FACDC-AC4E-4978-AC88-265E68167D41}.Release|x64.Build.0 = Release|x64
		{E68FACDC-AC4E-4978-AC88-265E68167D41}.Release|x86.ActiveCfg = Release|Win32
		{E68FACDC-AC4E-4978-AC88-265E68167D41}.Release|x86.Build.0 = Release|Win32
		{54C83847-C9A9-4A22-90A8-D3E7EFAB31D1}.Debug|x64.ActiveCfg = Debug|x64
		{54C83847-C9A9-4A22-90A8-D3E7EFAB31D1}.Debug|x64.Build.0 = Debug|x64
		{54C83847-C9A9-4A22-90A8-D3E7EFAB31D1}.Debug|x86.ActiveCfg = Debug|Win32
		{54C83847-C9A9-4A22-90A8-D3E7EFAB31D1}.Debug|x86.Build.0 = Debug|Win32
		{54C83847-C9A9-4A22-90A8-D3E7EFAB31D1}.Release|x64.ActiveCfg = Release|x64
		{54C83847-C9A9-4A22-90A8-D3E7EFAB31D1}.Release|x64.Build.0 = Release|x64
		{54C83847-C9A9-4A22-90A8-D3E7EFAB31D1}.Release|x86.ActiveCfg = Release|Win32
		{54C83847-C9A9-4A22-90A8-D3E7EFAB31D1}.Release|x86.Build.0 = Release|Win32
		{8168A13A-868F-4370-B5A3-D08CAB9947E3}.Debug|x64.ActiveCfg = Debug|x64
		{8168A13A-868F-4370-B5A3-D08CAB9947E3}.Debug|x64.Build.0 = Debug|x64
		{8168A13A-868F-4370-B5A3-D08CAB9947E3}.Debug|x86.ActiveCfg = Debug|Win32
		{8168A13A-868F-4370-B5A3-D08CAB9947E3}.Debug|x86.Build.0 = Debug|Win32
		{8168A13A-868F-4370-B5A3-D08CAB9947E3}.Release|x64.ActiveCfg = Release|x64
		{8168A13A-868F-4370-B5A3-D08CAB9947E3}.Release|x64.Build.0 = Release|x64
		{8168A13A-868F-4370-B5A3-D08CAB9947E3}.Release|x86.ActiveCfg = Release|Win32
		{8168A13A-868F-4370-B5A3-D08CAB9947E3}.Release|x86.Build.0 = Release|Win32
		{38A365A9-CC4B-45A1-BE66-E07D31B274E5}.Debug|x64.ActiveCfg = Debug|x64
		{38A365A9-CC4B-45A1-BE66-E07D31B274E5}.Debug|x64.Build.0 = Debug|x64
		{38A365A9-CC4B-45A1-BE66-E07D31B274E5}.Debug|x86.ActiveCfg = Debug|Win32
		{38A365A9-CC4B-45A1-BE66-E07D31B274E5}.Debug|x86.Build.0 = Debug|Win32
		{38A365A9-CC4B-45A1-BE66-E07D31B274E5}.Release|x64.ActiveCfg = Release|x64
		{38A365A9-CC4B-45A1-BE66-E07D31B274E5}.Release|x64.Build.0 = Release|x64
		{38A365A9-CC4B-45A1-BE66-E07D31B274E5}.Release|x86.ActiveCfg = Release|Win32
		{38A365A9-CC4B-45A1-BE66-E07D31B274E5}.Release|x86.Build.0 = Release|Win32
		{2FD12E43-C0C0-4086-9CA6-67609187664D}.Debug|x64.ActiveCfg = Debug|x64
		{2FD12E43-C0C0-4086-9CA6-67609187664D}.Debug|x64.Build.0 = Debug|x64
		{2FD12E43-C0C0-4086-9CA6-67609187664D}.Debug|x86.ActiveCfg = Debug|Win32
		{2FD12E43-C0C0-4086-9CA6-67609187664D}.Debug|x86.Build.0 = Debug|Win32
		{2FD12E43-C0C0-4086-9CA6-67609187664D}.Release|x64.ActiveCfg = Release|x64
		{2FD12E43-C0C0-4086-9CA6-67609187664D}.Release|x64.Build.0 = Release|x64
		{2FD12E43-C0C0-4086-9CA6-67609187664D}.Release|x86.ActiveCfg = Release|Win32
		{2FD12E43-C0C0-4086-9CA6-67609187664D}.Release|x86.Build.0 = Release|Win32
		{8BD50D77-EF65-4313-861E-EFD6C00AB45C}.Debug|x64.ActiveCfg = Debug|x64
		{8BD50D77-EF65-4313-861E-EFD6C00AB45C}.Debug|x64.Build.0 = Debug|x64
		{8BD50D77-EF65-4313-861E-EFD6C00AB45C}.Debug|x86.ActiveCfg = Debug|Win32
		{8BD50D77-EF65-4313-861E-EFD6C00AB45C}.Debug|x86.Build.0 = Debug|Win32
		{8BD50D77-EF65-4313-861E-EFD6C00AB45C}.Release|x64.ActiveCfg = Release|x64
		{8BD50D77-EF65-4313-861E-EFD6C00AB45C}.Release|x64.Build.0 = Release|x64
		{8BD50D77-EF65-4313-861E-EFD6C00AB45C}.Release|x86.ActiveCfg = Release|Win32
		{8BD50D77-EF65-4313-861E-EFD6C00AB45C}.Release|x86.Build.0 = Release|Win32
		{CF9FAA41-E32D-4FBF-B387-2E606808CA03}.Debug|x64.ActiveCfg = Debug|x64
		{CF9FAA41-E32D-4FBF-B387-2E606808CA03}.Debug|x64.Build.0 = Debug|x64
		{CF9FAA41-E32D-4FBF-B387-2E606808CA03}.Debug|x86.ActiveCfg = Debug|Win32
		{CF9FAA41-E32D-4FBF-B387-2E606808CA03}.Debug|x86.Build.0 = Debug|Win32
		{CF9FAA41-E32D-4FBF-B387-2E606808CA03}.Release|x64.ActiveCfg = Release|x64
		{CF9FAA41-E32D-4FBF-B387-2E606808CA03}.Release|x64.Build.0 = Release|x64
		{CF9FAA41-E32D-4FBF-B387-2E606808CA03}.Release|x86.ActiveCfg = Release|Win32
		{CF9FAA41-E32D-4FBF-B387-2E606808CA03}.Release|x86.Build.0 = Release|Win32
		{ED70D98B-A2AF-4B02-859F-DA5DBD00A3AE}.Debug|x64.ActiveCfg = Debug|x64
		{ED70D98B-A2AF-4B02-859F-DA5DBD00A3AE}.Debug|x64.Build.0 = Debug|x64
		{ED70D98B-A2AF-4B02-859F-DA5DBD00A3AE}.Debug|x86.ActiveCfg = Debug|Win32
		{ED70D98B-A2AF-4B02-859F-DA5DBD00A3AE}.Debug|x86.Build.0 = Debug|Win32
		{ED70D98B-A2AF-4B02-859F-DA5DBD00A3AE}.Release|x64.ActiveCfg = Release|x64
		{ED70D98B-A2AF-4B02-859F-DA5DBD00A3AE}.Release|x64.Build.0 = Release|x64
		{ED70D98B-A2AF-4B02-859F-DA5DBD00A3AE}.Release|x86.ActiveCfg = Release|Win32
		{ED70D98B-A2AF-4B02-859F-DA5DBD00A3AE}.Release|x86.Build.0 = Release|Win32
		{0C9D6824-4AB8-48CE-81B0-E0F4A4D32EFF}.Debug|x64.ActiveCfg = Debug|x64
		{0C9D6824-4AB8-48CE-81B0-E0F4A4D32EFF}.Debug|x64.Build.0 = Debug|x64
		{0C9D6824-4AB8-48CE-81B0-E0F4A4D32EFF}.Debug|x86.ActiveCfg = Debug|Win32
		{0C9D6824-4AB8-48CE-81B0-E0F4A4D32EFF}.Debug|x86.Build.0 = Debug|Win32
		{0C9D6824-4AB8-48CE-81B0-E0F4A4D32EFF}.Release|x64.ActiveCfg = Release|x64
		{0C9D6824-4AB8-48CE-81B0-E0F4A4D32EFF}.Release|x64.Build.0 = Release|x64
		{0C9D6824-4AB8-48CE-81B0-E0F4A4D32EFF}.Release|x86.ActiveCfg = Release|Win32
		{0C9D6824-4AB8-48CE-81B0-E0F4A4D32EFF}.Release|x86.Build.0 = Release|Win32
		{8EA69E97-F9F6-4024-BB4F-3697F4C9B49D}.Debug|x64.ActiveCfg = Debug|x64
		{8EA69E97-F9F6-4024-BB4F-3697F4C9B49D}.Debug|x64.Build.0 = Debug|x64
		{8EA69E97-F9F6-4024-BB4F-3697F4C9B49D}.Debug|x86.ActiveCfg = Debug|Win32
		{8EA69E97-F9F6-4024-BB4F-3697F4C9B49D}.Debug|x86.Build.0 = Debug|Win32
		{8EA69E97-F9F6-4024-BB4F-3697F4C9B49D}.Release|x64.ActiveCfg = Release|x64
		{8EA69E97-F9F6-4024-BB4F-3697F4C9B49D}.Release|x64.Build.0 = Release|x64
		{8EA69E97-F9F6-4024-BB4F-3697F4C9B49D}.Release|x86.ActiveCfg = Release|Win32
		{8EA69E97-F9F6-4024-BB4F-3697F4C9B49D}.Release|x86.Build.0 = Release|Win32
		{F201016A-2690-47C7-BE8A-563CD0AAA03A}.Debug|x64.ActiveCfg = Debug|x64
		{F201016A-2690-47C7-BE8A-563CD0AAA03A}.Debug|x64.Build.0 = Debug|x64
		{F201016A-2690-47C7-BE8A-563CD0AAA03A}.Debug|x86.ActiveCfg = Debug|Win32
		{F201016A-2690-47C7-BE8A-563CD0AAA03A}.Debug|x86.Build.0 = Debug|Win32
		{F201016A-2690-47C7-BE8A-563CD0AAA03A}.Release|x64.ActiveCfg = Release|x64
		{F201016A-2690-47C7-BE8A-563CD0AAA03A}.Release|x64.Build.0 = Release|x64
		{F201016A-2690-47C7-BE8A-563CD0AAA03A}.Release|x86.ActiveCfg = Release|Win32
		{F201016A-2690-47C7-BE8A-563CD0AAA03A}.Release|x86.Build.0 = Release|Win32
		{1B2A6F52-C791-446A-BF53-9A1B13ED4470}.Debug|x64.ActiveCfg = Debug|x64
		{1B2A6F52-C791-446A-BF53-9A1B13ED4470}.Debug|x64.Build.0 = Debug|x64
		{1B2A6F52-C791-446A-BF53-9A1B13ED4470}.Debug|x86.ActiveCfg = Debug|Win32
		{1B2A6F52-C791-446A-BF53-9A1B13ED4470}.Debug|x86.Build.0 = Debug|Win32
		{1B2A6F52-C791-446A-BF53-9A1B13ED4470}.Release|x64.ActiveCfg = Release|x64
		{1B2A6F52-C791-446A-BF53-9A1B13ED4470}.Release|x64.Build.0 = Release|x64
		{1B2A6F52-C791-446A-BF53-9A1B13ED4470}.Release|x86.ActiveCfg = Release|Win32
		{1B2A6F52-C791-446A-BF53-9A1B13ED4470}.Release|x86.Build.0 = Release|Win32
		{E1E3EB47-CBFB-4F83-9284-7676DCF79A94}.Debug|x64.ActiveCfg = Debug|x64
		{E1E3EB47-CBFB-4F83-9284-7676DCF79A94}.Debug|x64.Build.0 = Debug|x64
		{E1E3EB47-CBFB-4F83-9284-7676DCF79A94}.Debug|x86.ActiveCfg = Debug|Win32
		{E1E3EB47-CBFB-4F83-9284-7676DCF79A94}.Debug|x86.Build.0 = Debug|Win32
		{E1E3EB47-CBFB-4F83-9284-7676DCF79A94}.Release|x64.ActiveCfg = Release|x64
		{E1E3EB47-CBFB-4F83-9284-7676DCF79A94}.Release|x64.Build.0 = Release|x64
		{E1E3EB47-CBFB-4F83-9284-7676DCF79A94}.Release|x86.ActiveCfg = Release|Win32
		{E1E3EB47-CBFB-4F83-9284-7676DCF79A94}.Release|x86.Build.0 = Release|Win32
		{93A8399E-1B28-4D01-AE27-23BE3F8D65B4}.Debug|x64.ActiveCfg = Debug|x64
		{93A8399E-1B28-4D01-AE27-23BE3F8D65B4}.Debug|x64.Build.0 = Debug|x64
		{93A8399E-1B28-4D01-AE27-23BE3F8D65B4}.Debug|x86.ActiveCfg = Debug|Win32
		{93A8399E-1B28-4D01-AE27-23BE3F8D65B4}.Debug|x86.Build.0 = Debug|Win32
		{93A8399E-1B28-4D01-AE27-23BE3F8D65B4}.Release|x64.ActiveCfg = Release|x64
		{93A8399E-1B28-4D01-AE27-23BE3F8D65B4}.Release|x64.Build.0 = Release|x64
		{93A8399E-1B28-4D01-AE27-23BE3F8D65B4}.Release|x86.ActiveCfg = Release|Win32
		{93A8399E-1B28-4D01-AE27-23BE3F8D65B4}.Release|x86.Build.0 = Release|Win32
		{C01D9B81-5CDA-41A5-A6F6-20830BCB835A}.Debug|x64.ActiveCfg = Debug|x64
		{C01D9B81-5CDA-41A5-A6F6-20830BCB835A}.Debug|x64.Build.0 = Debug|x64
		{C01D9B81-5CDA-41A5-A6F6-20830BCB835A}.Debug|x86.ActiveCfg = Debug|Win32
		{C01D9B81-5CDA-41A5-A6F6-20830BCB835A}.Debug|x86.Build.0 = Debug|Win32
		{C01D9B81-5CDA-41A5-A6F6-20830BCB835A}.Release|x64.ActiveCfg = Release|x64
		{C01D9B81-5CDA-41A5-A6F6-20830BCB835A}.Release|x64.Build.0 = Release|x64
		{C01D9B81-5CDA-41A5-A6F6-20830BCB835A}.Release|x86.ActiveCfg = Release|Win32
		{C01D9B81-5CDA-41A5-A6F6-20830BCB835A}.Release|x86.Build.0 = Release|Win32
		{2D40BC7B-83EE-451C-80D9-67A48EC18B96}.Debug|x64.ActiveCfg = Debug|x64
		{2D40BC7B-83EE-451C-80D9-67A48EC18B96}.Debug|x64.Build.0 = Debug|x64
		{2D40BC7B-83EE-451C-80D9-67A48EC18B96}.Debug|x86.ActiveCfg = Debug|Win32
		{2D40BC7B-83EE-451C-80D9-67A48EC18B96}.Debug|x86.Build.0 = Debug|Win32
		{2D40BC7B-83EE-451C-80D9-67A48EC18B96}.Release|x64.ActiveCfg = Release|x64
		{2D40BC7B-83EE-451C-80D9-67A48EC18B96}.Release|x64.Build.0 = Release|x64
		{2D40BC7B-83EE-451C-80D9-67A48EC18B96}.Release|x86.ActiveCfg = Release|Win32
		{2D40BC7B-83EE-451C-80D9-67A48EC18B96}.Release|x86.Build.0 = Release|Win32
		{41B21B31-9E92-4F69-8914-C81EF60CCAEC}.Debug|x64.ActiveCfg = Debug|x64
		{41B21B31-9E92-4F69-8914-C81EF60CCAEC}.Debug|x64.Build.0 = Debug|x64
		{41B21B31-9E92-4F69-8914-C81EF60CCAEC}.Debug|x86.ActiveCfg = Debug|Win32
		{41B21B31-9E92-4F69-8914-C81EF60CCAEC}.Debug|x86.Build.0 = Debug|Win32
		{41B21B31-9E92-4F69-8914-C81EF60CCAEC}.Release|x64.ActiveCfg = Release|x64
		{41B21B31-9E92-4F69-8914-C81EF60CCAEC}.Release|x64.Build.0 = Release|x64
		{41B21B31-9E92-4F69-8914-C81EF60CCAEC}.Release|x86.ActiveCfg = Release|Win32
		{41B21B31-9E92-4F69-8914-C81EF60CCAEC}.Release|x86.Build.0 = Release|Win32
		{6CE8510A-2DF0-47F0-B8CC-C17E9C2C81BB}.Debug|x64.ActiveCfg = Debug|x64
		{6CE8510A-2DF0-47F0-B8CC-C17E9C2C81BB}.Debug|x64.Build.0 = Debug|x64
		{6CE8510A-2DF0-47F0-B8CC-C17E9C2C81BB}.Debug|x86.ActiveCfg = Debug|Win32
		{6CE8510A-2DF0-47F0-B8CC-C17E9C2C81BB}.Debug|x86.Build.0 = Debug|Win32
		{6CE8510A-2DF0-47F0-B8CC-C17E9C2C81BB}.Release|x64.ActiveCfg = Release|x64
		{6CE8510A-2DF0-47F0-B8CC-C17E9C2C81BB}.Release|x64.Build.0 = Release|x64
		{6CE8510A-2DF0-47F0-B8CC-C17E9C2C81BB}.Release|x86.ActiveCfg = Release|Win32
		{6CE8510A-2DF0-47F0-B8CC-C17E9C2C81BB}.Release|x86.Build.0 = Release|Win32
		{DD749D7C-62F8-478E-ADCA-07DA209C707F}.Debug|x64.ActiveCfg = Debug|x64
		{DD749D7C-62F8-478E-ADCA-07DA209C707F}.Debug|x64.Build.0 = Debug|x64
		{DD749D7C-62F8-478E-ADCA-07DA209C707F}.Debug|x86.ActiveCfg = Debug|Win32
		{DD749D7C-62F8-478E-ADCA-07DA209C707F}.Debug|x86.Build.0 = Debug|Win32
		{DD749D7C-62F8-478E-ADCA-07DA209C707F}.Release|x64.ActiveCfg = Release|x64
		{DD749D7C-62F8-478E-ADCA-07DA209C707F}.Release|x64.Build.0 = Release|x64
		{DD749D7C-62F8-478E-ADCA-07DA209C707F}.Release|x86.ActiveCfg = Release|Win32
		{DD749D7C-62F8-478E-ADCA-07DA209C707F}.Release|x86.Build.0 = Release|Win32
		{0CEB551C-A23E-405A-A274-586EE3453D1D}.Debug|x64.ActiveCfg = Debug|x64
		{0CEB551C-A23E-405A-A274-586EE3453D1D}.Debug|x64.Build.0 = Debug|x64
		{0CEB551C-A23E-405A-A274-586EE3453D1D}.Debug|x86.ActiveCfg = Debug|Win32
		{0CEB551C-A23E-405A-A274-586EE3453D1D}.Debug|x86.Build.0 = Debug|Win32
		{0CEB551C-A23E-405A-A274-586EE3453D1D}.Release|x64.ActiveCfg = Release|x64
		{0CEB551C-A23E-405A-A274-586EE3453D1D}.Release|x64.Build.0 = Release|x64
		{0CEB551C-A23E-405A-A274-586EE3453D1D}.Release|x86.ActiveCfg = Release|Win32
		{0CEB551C-A23E-405A-A274-586EE3453D1D}.Release|x86.Build.0 = Release|Win32
		{14E70C72-2385-4B98-996B-2CDEAF537EF8}.Debug|x64.ActiveCfg = Debug|x64
		{14E70C72-2385-4B98-996B-2CDEAF537EF8}.Debug|x64.Build.0 = Debug|x64
		{14E70C72-2385-4B98-996B-2CDEAF537EF8}.Debug|x86.ActiveCfg = Debug|Win32
		{14E70C72-2385-4B98-996B-2CDEAF537EF8}.Debug|x86.Build.0 = Debug|Win32
		{14E70C72-2385-4B98-996B-2CDEAF537EF8}.Release|x64.ActiveCfg = Release|x64
		{14E70C72-2385-4B98-996B-2CDEAF537EF8}.Release|x64.Build.0 = Release|x64
		{14E70C72-2385-4B98-996B-2CDEAF537EF8}.Release|x86.ActiveCfg = Release|Win32
		{14E70C72-2385-4B98-996B-2CDEAF537EF8}.Release|x86.Build.0 = Release|Win32
		{147BA14B-9012-4FC5-8C45-22D95B11B151}.Debug|x64.ActiveCfg = Debug|x64
		{147BA14B-9012-4FC5-8C45-22D95B11B151}.Debug|x64.Build.0 = Debug|x64
		{147BA14B-9012-4FC5-8C45-22D95B11B151}.Debug|x86.ActiveCfg = Debug|Win32
		{147BA14B-9012-4FC5-8C45-22D95B11B151}.Debug|x86.Build.0 = Debug|Win32
		{147BA14B-9012-4FC5-8C45-22D95B11B151}.Release|x64.ActiveCfg = Release|x64
		{147BA14B-9012-4FC5-8C45-22D95B11B151}.Release|x64.Build.0 = Release|x64
		{147BA14B-9012-4FC5-8C45-22D95B11B151}.Release|x86.ActiveCfg = Release|Win32
		{147BA14B-9012-4FC5-8C45-22D95B11B151}.Release|x86.Build.0 = Release|Win32
		{23B0CD51-3AE1-4149-8D70-DF996CAC6A74}.Debug|x64.ActiveCfg = Debug|x64
		{23B0CD51-3AE1-4149-8D70-DF996CAC6A74}.Debug|x64.Build.0 = Debug|x64
		{23B0CD51-3AE1-4149-8D70-DF996CAC6A74}.Debug|x86.ActiveCfg = Debug|Win32
		{23B0CD51-3AE1-4149-8D70-DF996CAC6A74}.Debug|x86.Build.0 = Debug|Win32
		{23B0CD51-3AE1-4149-8D70-DF996CAC6A74}.Release|x64.ActiveCfg = Release|x64
		{23B0CD51-3AE1-4149-8D70-DF996CAC6A74}.Release|x64.Build.0 = Release|x64
		{23B0CD51-3AE1-4149-8D70-DF996CAC6A74}.Release|x86.ActiveCfg = Release|Win32
		{23B0CD51-3AE1-4149-8D70-DF996CAC6A74}.Release|x86.Build.0 = Release|Win32
		{C53EF300-C2F4-4D43-907A-91E08EAC6564}.Debug|x64.ActiveCfg = Debug|x64
		{C53EF300-C2F4-4D43-907A-91E08EAC6564}.Debug|x64.Build.0 = Debug|x64
		{C53EF300-C2F4-4D43-907A-91E08EAC6564}.Debug|x86.ActiveCfg = Debug|Win32
		{C53EF300-C2F4-4D43-907A-91E08EAC6564}.Debug|x86.Build.0 = Debug|Win32
		{C53EF300-C2F4-4D43-907A-91E08EAC6564}.Release|x64.ActiveCfg = Release|x64
		{C53EF300-C2F4-4D43-907A-91E08EAC6564}.Release|x64.Build.0 = Release|x64
		{C53EF300-C2F4-4D43-907A-91E08EAC6564}.Release|x86.ActiveCfg = Release|Win32
		{C53EF300-C2F4-4D43-907A-91E08EAC6564}.Release|x86.Build.0 = Release|Win32
		{E49EBC67-E0F4-464C-8D45-6D9FA0EC2A3A}.Debug|x64.ActiveCfg = Debug|x64
		{E49EBC67-E0F4-464C-8D45-6D9FA0EC2A3A}.Debug|x64.Build.0 = Debug|x64
		{E49EBC67-E0F4-464C-8D45-6D9FA0EC2A3A}.Debug|x86.ActiveCfg = Debug|Win32
		{E49EBC67-E0F4-464C-8D45-6D9FA0EC2A3A}.Debug|x86.Build.0 = Debug|Win32
		{E49EBC67-E0F4-464C-8D45-6D9FA0EC2A3A}.Release|x64.ActiveCfg = Release|x64
		{E49EBC67-E0F4-464C-8D45-6D9FA0EC2A3A}.Release|x64.Build.0 = Release|x64
		{E49EBC67-E0F4-464C-8D45-6D9FA0EC2A3A}.Release|x86.ActiveCfg = Release|Win32
		{E49EBC67-E0F4-464C-8D45-6D9FA0EC2A3A}.Release|x86.Build.0 = Release|Win32
		{13749D03-E167-4EA8-849F-769960EF4636}.Debug|x64.ActiveCfg = Debug|x64
		{13749D03-E167-4EA8-849F-769960EF4636}.Debug|x64.Build.0 = Debug|x64
		{13749D03-E167-4EA8-849F-769960EF4636}.Debug|x86.ActiveCfg = Debug|Win32
		{13749D03-E167-4EA8-849F-769960EF4636}.Debug|x86.Build.0 = Debug|Win32
		{13749D03-E167-4EA8-849F-769960EF4636}.Release|x64.ActiveCfg = Release|x64
		{13749D03-E167-4EA8-849F-769960EF4636}.Release|x64.Build.0 = Release|x64
		{13749D03-E167-4EA8-849F-769960EF4636}.Release|x86.ActiveCfg = Release|Win32
		{13749D03-E167-4EA8-849F-769960EF4636}.Release|x86.Build.0 = Release|Win32
		{E568FC81-ABC6-434E-A565-1C9F3116C86B}.Debug|x64.ActiveCfg = Debug|x64
		{E568FC81-ABC6-434E-A565-1C9F3116C86B}.Debug|x64.Build.0 = Debug|x64
		{E568FC81-ABC6-434E-A565-1C9F3116C86B}.Debug|x86.ActiveCfg = Debug|Win32
		{E568FC81-ABC6-434E-A565-1C9F3116C86B}.Debug|x86.Build.0 = Debug|Win32
		{E568FC81-ABC6-434E-A565-1C9F3116C86B}.Release|x64.ActiveCfg = Release|x64
		{E568FC81-ABC6-434E-A565-1C9F3116C86B}.Release|x64.Build.0 = Release|x64
		{E568FC81-ABC6-434E-A565-1C9F3116C86B}.Release|x86.ActiveCfg = Release|Win32
		{E568FC81-ABC6-434E-A565-1C9F3116C86B}.Release|x86.Build.0 = Release|Win32
		{5E07A6B3-E1F7-42E4-BFAA-B9E54A59AC9C}.Debug|x64.ActiveCfg = Debug|x64
		{5E07A6B3-E1F7-42E4-BFAA-B9E54A59AC9C}.Debug|x64.Build.0 = Debug|x64
		{5E07A6B3-E1F7-42E4-BFAA-B9E54A59AC9C}.Debug|x86.ActiveCfg = Debug|Win32
		{5E07A6B3-E1F7-42E4-BFAA-B9E54A59AC9C}.Debug|x86.Build.0 = Debug|Win32
		{5E07A6B3-E1F7-42E4-BFAA-B9E54A59AC9C}.Release|x64.ActiveCfg = Release|x64
		{5E07A6B3-E1F7-42E4-BFAA-B9E54A59AC9C}.Release|x64.Build.0 = Release|x64
		{5E07A6B3-E1F7-42E4-BFAA-B9E54A59AC9C}.Release|x86.ActiveCfg = Release|Win32
		{5E07A6B3-E1F7-42E4-BFAA-B9E54A59AC9C}.Release|x86.Build.0 = Release|Win32
	EndGlobalSection
	GlobalSection(SolutionProperties) = preSolution
		HideSolutionNode = FALSE
	EndGlobalSection
EndGlobal
