
Microsoft Visual Studio Solution File, Format Version 12.00
# Visual Studio 14
VisualStudioVersion = 14.0.25420.1
MinimumVisualStudioVersion = 10.0.40219.1
Project("{8BC9CEB8-8B4A-11D0-8D11-00A0C91BC942}") = "T01_01_ArrayStack", "T01_01_ArrayStack\T01_01_ArrayStack.vcxproj", "{65F8D148-D258-4B6A-9C34-5AAE016C5F63}"
EndProject
Project("{8BC9CEB8-8B4A-11D0-8D11-00A0C91BC942}") = "T01_03_SimulatedBrowser", "T01_03_SimulatedBrowser\T01_03_SimulatedBrowser.vcxproj", "{E68FACDC-AC4E-4978-AC88-265E68167D41}"
EndProject
Project("{8BC9CEB8-8B4A-11D0-8D11-00A0C91BC942}") = "T02_01_ArrayQueue", "T02_01_ArrayQueue\T02_01_ArrayQueue.vcxproj", "{54C83847-C9A9-4A22-90A8-D3E7EFAB31D1}"
EndProject
Project("{8BC9CEB8-8B4A-11D0-8D11-00A0C91BC942}") = "T02_02_ListQueue", "T02_02_ListQueue\T02_02_ListQueue.vcxproj", "{8168A13A-868F-4370-B5A3-D08CAB9947E3}"
EndProject
Project("{8BC9CEB8-8B4A-11D0-8D11-00A0C91BC942}") = "T02_03_CircleQueue", "T02_03_CircleQueue\T02_03_CircleQueue.vcxproj", "{38A365A9-CC4B-45A1-BE66-E07D31B274E5}"
EndProject
Project("{8BC9CEB8-8B4A-11D0-8D11-00A0C91BC942}") = "T01_02_ListStack", "T01_02_ListStack\T01_02_ListStack.vcxproj", "{2FD12E43-C0C0-4086-9CA6-67609187664D}"
EndProject
Project("{8BC9CEB8-8B4A-11D0-8D11-00A0C91BC942}") = "T03_01_SingleList", "T03_01_SingleList\T03_01_SingleList.vcxproj", "{8BD50D77-EF65-4313-861E-EFD6C00AB45C}"
EndProject
Project("{8BC9CEB8-8B4A-11D0-8D11-00A0C91BC942}") = "T03_02_DoubleList", "T03_02_DoubleList\T03_02_DoubleList.vcxproj", "{CF9FAA41-E32D-4FBF-B387-2E606808CA03}"
EndProject
Project("{8BC9CEB8-8B4A-11D0-8D11-00A0C91BC942}") = "T03_03_CircleList", "T03_03_CircleList\T03_03_CircleList.vcxproj", "{ED70D98B-A2AF-4B02-859F-DA5DBD00A3AE}"
EndProject
Project("{8BC9CEB8-8B4A-11D0-8D11-00A0C91BC942}") = "T03_04_ReverseSingleList", "T03_04_ReverseSingleList\T03_04_ReverseSingleList.vcxproj", "{0C9D6824-4AB8-48CE-81B0-E0F4A4D32EFF}"
EndProject
Project("{8BC9CEB8-8B4A-11D0-8D11-00A0C91BC942}") = "T03_05_MergeSortedLists", "T03_05_MergeSortedLists\T03_05_MergeSortedLists.vcxproj", "{8EA69E97-F9F6-4024-BB4F-3697F4C9B49D}"
EndProject
Global
	GlobalSection(SolutionConfigurationPlatforms) = preSolution
		Debug|x64 = Debug|x64
		Debug|x86 = Debug|x86
		Release|x64 = Release|x64
		Release|x86 = Release|x86
	EndGlobalSection
	GlobalSection(ProjectConfigurationPlatforms) = postSolution
		{65F8D148-D258-4B6A-9C34-5AAE016C5F63}.Debug|x64.ActiveCfg = Debug|x64
		{65F8D148-D258-4B6A-9C34-5AAE016C5F63}.Debug|x64.Build.0 = Debug|x64
		{65F8D148-D258-4B6A-9C34-5AAE016C5F63}.Debug|x86.ActiveCfg = Debug|Win32
		{65F8D148-D258-4B6A-9C34-5AAE016C5F63}.Debug|x86.Build.0 = Debug|Win32
		{65F8D148-D258-4B6A-9C34-5AAE016C5F63}.Release|x64.ActiveCfg = Release|x64
		{65F8D148-D258-4B6A-9C34-5AAE016C5F63}.Release|x64.Build.0 = Release|x64
		{65F8D148-D258-4B6A-9C34-5AAE016C5F63}.Release|x86.ActiveCfg = Release|Win32
		{65F8D148-D258-4B6A-9C34-5AAE016C5F63}.Release|x86.Build.0 = Release|Win32
		{E68FACDC-AC4E-4978-AC88-265E68167D41}.Debug|x64.ActiveCfg = Debug|x64
		{E68FACDC-AC4E-4978-AC88-265E68167D41}.Debug|x64.Build.0 = Debug|x64
		{E68FACDC-AC4E-4978-AC88-265E68167D41}.Debug|x86.ActiveCfg = Debug|Win32
		{E68FACDC-AC4E-4978-AC88-265E68167D41}.Debug|x86.Build.0 = Debug|Win32
		{E68FACDC-AC4E-4978-AC88-265E68167D41}.Release|x64.ActiveCfg = Release|x64
		{E68FACDC-AC4E-4978-AC88-265E68167D41}.Release|x64.Build.0 = Release|x64
		{E68FACDC-AC4E-4978-AC88-265E68167D41}.Release|x86.ActiveCfg = Release|Win32
		{E68FACDC-AC4E-4978-AC88-265E68167D41}.Release|x86.Build.0 = Release|Win32
		{54C83847-C9A9-4A22-90A8-D3E7EFAB31D1}.Debug|x64.ActiveCfg = Debug|x64
		{54C83847-C9A9-4A22-90A8-D3E7EFAB31D1}.Debug|x64.Build.0 = Debug|x64
		{54C83847-C9A9-4A22-90A8-D3E7EFAB31D1}.Debug|x86.ActiveCfg = Debug|Win32
		{54C83847-C9A9-4A22-90A8-D3E7EFAB31D1}.Debug|x86.Build.0 = Debug|Win32
		{54C83847-C9A9-4A22-90A8-D3E7EFAB31D1}.Release|x64.ActiveCfg = Release|x64
		{54C83847-C9A9-4A22-90A8-D3E7EFAB31D1}.Release|x64.Build.0 = Release|x64
		{54C83847-C9A9-4A22-90A8-D3E7EFAB31D1}.Release|x86.ActiveCfg = Release|Win32
		{54C83847-C9A9-4A22-90A8-D3E7EFAB31D1}.Release|x86.Build.0 = Release|Win32
		{8168A13A-868F-4370-B5A3-D08CAB9947E3}.Debug|x64.ActiveCfg = Debug|x64
		{8168A13A-868F-4370-B5A3-D08CAB9947E3}.Debug|x64.Build.0 = Debug|x64
		{8168A13A-868F-4370-B5A3-D08CAB9947E3}.Debug|x86.ActiveCfg = Debug|Win32
		{8168A13A-868F-4370-B5A3-D08CAB9947E3}.Debug|x86.Build.0 = Debug|Win32
		{8168A13A-868F-4370-B5A3-D08CAB9947E3}.Release|x64.ActiveCfg = Release|x64
		{8168A13A-868F-4370-B5A3-D08CAB9947E3}.Release|x64.Build.0 = Release|x64
		{8168A13A-868F-4370-B5A3-D08CAB9947E3}.Release|x86.ActiveCfg = Release|Win32
		{8168A13A-868F-4370-B5A3-D08CAB9947E3}.Release|x86.Build.0 = Release|Win32
		{38A365A9-CC4B-45A1-BE66-E07D31B274E5}.Debug|x64.ActiveCfg = Debug|x64
		{38A365A9-CC4B-45A1-BE66-E07D31B274E5}.Debug|x64.Build.0 = Debug|x64
		{38A365A9-CC4B-45A1-BE66-E07D31B274E5}.Debug|x86.ActiveCfg = Debug|Win32
		{38A365A9-CC4B-45A1-BE66-E07D31B274E5}.Debug|x86.Build.0 = Debug|Win32
		{38A365A9-CC4B-45A1-BE66-E07D31B274E5}.Release|x64.ActiveCfg = Release|x64
		{38A365A9-CC4B-45A1-BE66-E07D31B274E5}.Release|x64.Build.0 = Release|x64
		{38A365A9-CC4B-45A1-BE66-E07D31B274E5}.Release|x86.ActiveCfg = Release|Win32
		{38A365A9-CC4B-45A1-BE66-E07D31B274E5}.Release|x86.Build.0 = Release|Win32
		{2FD12E43-C0C0-4086-9CA6-67609187664D}.Debug|x64.ActiveCfg = Debug|x64
		{2FD12E43-C0C0-4086-9CA6-67609187664D}.Debug|x64.Build.0 = Debug|x64
		{2FD12E43-C0C0-4086-9CA6-67609187664D}.Debug|x86.ActiveCfg = Debug|Win32
		{2FD12E43-C0C0-4086-9CA6-67609187664D}.Debug|x86.Build.0 = Debug|Win32
		{2FD12E43-C0C0-4086-9CA6-67609187664D}.Release|x64.ActiveCfg = Release|x64
		{2FD12E43-C0C0-4086-9CA6-67609187664D}.Release|x64.Build.0 = Release|x64
		{2FD12E43-C0C0-4086-9CA6-67609187664D}.Release|x86.ActiveCfg = Release|Win32
		{2FD12E43-C0C0-4086-9CA6-67609187664D}.Release|x86.Build.0 = Release|Win32
		{8BD50D77-EF65-4313-861E-EFD6C00AB45C}.Debug|x64.ActiveCfg = Debug|x64
		{8BD50D77-EF65-4313-861E-EFD6C00AB45C}.Debug|x64.Build.0 = Debug|x64
		{8BD50D77-EF65-4313-861E-EFD6C00AB45C}.Debug|x86.ActiveCfg = Debug|Win32
		{8BD50D77-EF65-4313-861E-EFD6C00AB45C}.Debug|x86.Build.0 = Debug|Win32
		{8BD50D77-EF65-4313-861E-EFD6C00AB45C}.Release|x64.ActiveCfg = Release|x64
		{8BD50D77-EF65-4313-861E-EFD6C00AB45C}.Release|x64.Build.0 = Release|x64
		{8BD50D77-EF65-4313-861E-EFD6C00AB45C}.Release|x86.ActiveCfg = Release|Win32
		{8BD50D77-EF65-4313-861E-EFD6C00AB45C}.Release|x86.Build.0 = Release|Win32
		{CF9FAA41-E32D-4FBF-B387-2E606808CA03}.Debug|x64.ActiveCfg = Debug|x64
		{CF9FAA41-E32D-4FBF-B387-2E606808CA03}.Debug|x64.Build.0 = Debug|x64
		{CF9FAA41-E32D-4FBF-B387-2E606808CA03}.Debug|x86.ActiveCfg = Debug|Win32
		{CF9FAA41-E32D-4FBF-B387-2E606808CA03}.Debug|x86.Build.0 = Debug|Win32
		{CF9FAA41-E32D-4FBF-B387-2E606808CA03}.Release|x64.ActiveCfg = Release|x64
		{CF9FAA41-E32D-4FBF-B387-2E606808CA03}.Release|x64.Build.0 = Release|x64
		{CF9FAA41-E32D-4FBF-B387-2E606808CA03}.Release|x86.ActiveCfg = Release|Win32
		{CF9FAA41-E32D-4FBF-B387-2E606808CA03}.Release|x86.Build.0 = Release|Win32
		{ED70D98B-A2AF-4B02-859F-DA5DBD00A3AE}.Debug|x64.ActiveCfg = Debug|x64
		{ED70D98B-A2AF-4B02-859F-DA5DBD00A3AE}.Debug|x64.Build.0 = Debug|x64
		{ED70D98B-A2AF-4B02-859F-DA5DBD00A3AE}.Debug|x86.ActiveCfg = Debug|Win32
		{ED70D98B-A2AF-4B02-859F-DA5DBD00A3AE}.Debug|x86.Build.0 = Debug|Win32
		{ED70D98B-A2AF-4B02-859F-DA5DBD00A3AE}.Release|x64.ActiveCfg = Release|x64
		{ED70D98B-A2AF-4B02-859F-DA5DBD00A3AE}.Release|x64.Build.0 = Release|x64
		{ED70D98B-A2AF-4B02-859F-DA5DBD00A3AE}.Release|x86.ActiveCfg = Release|Win32
		{ED70D98B-A2AF-4B02-859F-DA5DBD00A3AE}.Release|x86.Build.0 = Release|Win32
		{0C9D6824-4AB8-48CE-81B0-E0F4A4D32EFF}.Debug|x64.ActiveCfg = Debug|x64
		{0C9D6824-4AB8-48CE-81B0-E0F4A4D32EFF}.Debug|x64.Build.0 = Debug|x64
		{0C9D6824-4AB8-48CE-81B0-E0F4A4D32EFF}.Debug|x86.ActiveCfg = Debug|Win32
		{0C9D6824-4AB8-48CE-81B0-E0F4A4D32EFF}.Debug|x86.Build.0 = Debug|Win32
		{0C9D6824-4AB8-48CE-81B0-E0F4A4D32EFF}.Release|x64.ActiveCfg = Release|x64
		{0C9D6824-4AB8-48CE-81B0-E0F4A4D32EFF}.Release|x64.Build.0 = Release|x64
		{0C9D6824-4AB8-48CE-81B0-E0F4A4D32EFF}.Release|x86.ActiveCfg = Release|Win32
		{0C9D6824-4AB8-48CE-81B0-E0F4A4D32EFF}.Release|x86.Build.0 = Release|Win32
		{8EA69E97-F9F6-4024-BB4F-3697F4C9B49D}.Debug|x64.ActiveCfg = Debug|x64
		{8EA69E97-F9F6-4024-BB4F-3697F4C9B49D}.Debug|x64.Build.0 = Debug|x64
		{8EA69E97-F9F6-4024-BB4F-3697F4C9B49D}.Debug|x86.ActiveCfg = Debug|Win32
		{8EA69E97-F9F6-4024-BB4F-3697F4C9B49D}.Debug|x86.Build.0 = Debug|Win32
		{8EA69E97-F9F6-4024-BB4F-3697F4C9B49D}.Release|x64.ActiveCfg = Release|x64
		{8EA69E97-F9F6-4024-BB4F-3697F4C9B49D}.Release|x64.Build.0 = Release|x64
		{8EA69E97-F9F6-4024-BB4F-3697F4C9B49D}.Release|x86.ActiveCfg = Release|Win32
		{8EA69E97-F9F6-4024-BB4F-3697F4C9B49D}.Release|x86.Build.0 = Release|Win32
	EndGlobalSection
	GlobalSection(SolutionProperties) = preSolution
		HideSolutionNode = FALSE
	EndGlobalSection
EndGlobal
